
Microsoft Visual Studio Solution File, Format Version 12.00
# Visual Studio Version 18
VisualStudioVersion = 18.1.11304.174
MinimumVisualStudioVersion = 10.0.40219.1
Project("{FAE04EC0-301F-11D3-BF4B-00C04F79EFBC}") = "MMKMFP LR1 Task 1", "LR1 Task 1\MMKMFP LR1 Task 1.csproj", "{281E02BA-E289-4E04-BD9C-08F9677C649B}"
EndProject
Project("{FAE04EC0-301F-11D3-BF4B-00C04F79EFBC}") = "MMKMFP LR1 Task 2", "MMKMFP LR1 Task 2\MMKMFP LR1 Task 2.csproj", "{3C4E00BE-E4EE-444D-A170-5F8710F014B5}"
EndProject
Project("{FAE04EC0-301F-11D3-BF4B-00C04F79EFBC}") = "MMKMFP LR2", "MMKMFP LR2\MMKMFP LR2.csproj", "{7E5A6F3B-BD17-4F8C-A163-E374F002DB83}"
EndProject
Project("{FAE04EC0-301F-11D3-BF4B-00C04F79EFBC}") = "MMKMFP LR5", "MMKMFP LR5 Task_1\MMKMFP LR5.csproj", "{EEF715BE-6C3C-4478-836E-31688ED437F9}"
EndProject
Project("{FAE04EC0-301F-11D3-BF4B-00C04F79EFBC}") = "MMKMFP LR6", "MMRMFP LR6\MMKMFP LR6.csproj", "{318704E1-4F39-4B6A-AFA3-7858F649F532}"
EndProject
Project("{FAE04EC0-301F-11D3-BF4B-00C04F79EFBC}") = "MMKMFP LR7 Task 1", "MMKMFP LR7\MMKMFP LR7 Task 1.csproj", "{41D6BE59-50EE-45DC-99D4-4934198C2750}"
EndProject
Project("{FAE04EC0-301F-11D3-BF4B-00C04F79EFBC}") = "MMKMFP LR7 Task 2", "MMKMFP LR7 Task 2\MMKMFP LR7 Task 2.csproj", "{A0CC30E4-2F04-43D6-A61E-FD173C45D8B0}"
EndProject
Project("{FAE04EC0-301F-11D3-BF4B-00C04F79EFBC}") = "MMKMFP LR4", "..\..\..\Desktop\aaaaaaaaaaaa\ярик мишин\ЛР4 +\RandomGeneratorWPF\MMKMFP LR4.csproj", "{51DFEC0C-5FDA-E769-9971-ED0FDE072584}"
EndProject
Project("{FAE04EC0-301F-11D3-BF4B-00C04F79EFBC}") = "MMKMFP LR3", "MMKMFP LR3\MMKMFP LR3.csproj", "{D8BFE9FA-DF9F-415A-A959-068291BA2C00}"
EndProject
Global
	GlobalSection(SolutionConfigurationPlatforms) = preSolution
		Debug|Any CPU = Debug|Any CPU
		Release|Any CPU = Release|Any CPU
	EndGlobalSection
	GlobalSection(ProjectConfigurationPlatforms) = postSolution
		{281E02BA-E289-4E04-BD9C-08F9677C649B}.Debug|Any CPU.ActiveCfg = Debug|Any CPU
		{281E02BA-E289-4E04-BD9C-08F9677C649B}.Debug|Any CPU.Build.0 = Debug|Any CPU
		{281E02BA-E289-4E04-BD9C-08F9677C649B}.Release|Any CPU.ActiveCfg = Release|Any CPU
		{281E02BA-E289-4E04-BD9C-08F9677C649B}.Release|Any CPU.Build.0 = Release|Any CPU
		{3C4E00BE-E4EE-444D-A170-5F8710F014B5}.Debug|Any CPU.ActiveCfg = Debug|Any CPU
		{3C4E00BE-E4EE-444D-A170-5F8710F014B5}.Debug|Any CPU.Build.0 = Debug|Any CPU
		{3C4E00BE-E4EE-444D-A170-5F8710F014B5}.Release|Any CPU.ActiveCfg = Release|Any CPU
		{3C4E00BE-E4EE-444D-A170-5F8710F014B5}.Release|Any CPU.Build.0 = Release|Any CPU
		{7E5A6F3B-BD17-4F8C-A163-E374F002DB83}.Debug|Any CPU.ActiveCfg = Debug|Any CPU
		{7E5A6F3B-BD17-4F8C-A163-E374F002DB83}.Debug|Any CPU.Build.0 = Debug|Any CPU
		{7E5A6F3B-BD17-4F8C-A163-E374F002DB83}.Release|Any CPU.ActiveCfg = Release|Any CPU
		{7E5A6F3B-BD17-4F8C-A163-E374F002DB83}.Release|Any CPU.Build.0 = Release|Any CPU
		{EEF715BE-6C3C-4478-836E-31688ED437F9}.Debug|Any CPU.ActiveCfg = Debug|Any CPU
		{EEF715BE-6C3C-4478-836E-31688ED437F9}.Debug|Any CPU.Build.0 = Debug|Any CPU
		{EEF715BE-6C3C-4478-836E-31688ED437F9}.Release|Any CPU.ActiveCfg = Release|Any CPU
		{EEF715BE-6C3C-4478-836E-31688ED437F9}.Release|Any CPU.Build.0 = Release|Any CPU
		{318704E1-4F39-4B6A-AFA3-7858F649F532}.Debug|Any CPU.ActiveCfg = Debug|Any CPU
		{318704E1-4F39-4B6A-AFA3-7858F649F532}.Debug|Any CPU.Build.0 = Debug|Any CPU
		{318704E1-4F39-4B6A-AFA3-7858F649F532}.Release|Any CPU.ActiveCfg = Release|Any CPU
		{318704E1-4F39-4B6A-AFA3-7858F649F532}.Release|Any CPU.Build.0 = Release|Any CPU
		{41D6BE59-50EE-45DC-99D4-4934198C2750}.Debug|Any CPU.ActiveCfg = Debug|Any CPU
		{41D6BE59-50EE-45DC-99D4-4934198C2750}.Debug|Any CPU.Build.0 = Debug|Any CPU
		{41D6BE59-50EE-45DC-99D4-4934198C2750}.Release|Any CPU.ActiveCfg = Release|Any CPU
		{41D6BE59-50EE-45DC-99D4-4934198C2750}.Release|Any CPU.Build.0 = Release|Any CPU
		{A0CC30E4-2F04-43D6-A61E-FD173C45D8B0}.Debug|Any CPU.ActiveCfg = Debug|Any CPU
		{A0CC30E4-2F04-43D6-A61E-FD173C45D8B0}.Debug|Any CPU.Build.0 = Debug|Any CPU
		{A0CC30E4-2F04-43D6-A61E-FD173C45D8B0}.Release|Any CPU.ActiveCfg = Release|Any CPU
		{A0CC30E4-2F04-43D6-A61E-FD173C45D8B0}.Release|Any CPU.Build.0 = Release|Any CPU
		{51DFEC0C-5FDA-E769-9971-ED0FDE072584}.Debug|Any CPU.ActiveCfg = Debug|Any CPU
		{51DFEC0C-5FDA-E769-9971-ED0FDE072584}.Debug|Any CPU.Build.0 = Debug|Any CPU
		{51DFEC0C-5FDA-E769-9971-ED0FDE072584}.Release|Any CPU.ActiveCfg = Release|Any CPU
		{51DFEC0C-5FDA-E769-9971-ED0FDE072584}.Release|Any CPU.Build.0 = Release|Any CPU
		{D8BFE9FA-DF9F-415A-A959-068291BA2C00}.Debug|Any CPU.ActiveCfg = Debug|Any CPU
		{D8BFE9FA-DF9F-415A-A959-068291BA2C00}.Debug|Any CPU.Build.0 = Debug|Any CPU
		{D8BFE9FA-DF9F-415A-A959-068291BA2C00}.Release|Any CPU.ActiveCfg = Release|Any CPU
		{D8BFE9FA-DF9F-415A-A959-068291BA2C00}.Release|Any CPU.Build.0 = Release|Any CPU
	EndGlobalSection
	GlobalSection(SolutionProperties) = preSolution
		HideSolutionNode = FALSE
	EndGlobalSection
	GlobalSection(ExtensibilityGlobals) = postSolution
		SolutionGuid = {D80C2E05-E377-41E6-A894-16D7563775EC}
	EndGlobalSection
EndGlobal
